
Microsoft Visual Studio Solution File, Format Version 12.00
# Visual Studio 15
VisualStudioVersion = 15.0.27428.2015
MinimumVisualStudioVersion = 10.0.40219.1
Project("{2150E333-8FDC-42A3-9474-1A3956D46DE8}") = "01 - Domain", "01 - Domain", "{16F13D11-FB9B-4119-B9FB-4E4507F0B0F6}"
EndProject
Project("{9A19103F-16F7-4668-BE54-9A1E7A4F7556}") = "Domain.Entities", "Domain.Entities\Domain.Entities.csproj", "{F1C73F6B-1466-424D-8D6B-994837E856A0}"
EndProject
Project("{9A19103F-16F7-4668-BE54-9A1E7A4F7556}") = "Domain.Interfaces", "Domain.Interfaces\Domain.Interfaces.csproj", "{C56E0F03-1023-4DF3-A1C1-86BE55B95685}"
EndProject
Project("{9A19103F-16F7-4668-BE54-9A1E7A4F7556}") = "Domain.Events", "Domain.Events\Domain.Events.csproj", "{7B1873EF-7A2D-4E6B-9940-031D301E37BA}"
EndProject
Project("{9A19103F-16F7-4668-BE54-9A1E7A4F7556}") = "Domain.Shared", "Domain.Shared\Domain.Shared.csproj", "{D11132A3-A527-4C7D-98BE-74097500CF6D}"
EndProject
Project("{9A19103F-16F7-4668-BE54-9A1E7A4F7556}") = "Application.Services.Interfaces", "Application.Services.Interfaces\Application.Services.Interfaces.csproj", "{FB44747F-89CD-47BD-912B-E5E8C9D6936E}"
EndProject
Project("{2150E333-8FDC-42A3-9474-1A3956D46DE8}") = "02 - Application", "02 - Application", "{959CC857-35E3-482E-9E6A-9A2DB0487FFD}"
EndProject
Project("{9A19103F-16F7-4668-BE54-9A1E7A4F7556}") = "Application.Services", "Application.Services\Application.Services.csproj", "{251B5A7E-3F86-4AD5-A52B-A6AE6AC8BE20}"
EndProject
Project("{2150E333-8FDC-42A3-9474-1A3956D46DE8}") = "03 - Infrastructure", "03 - Infrastructure", "{7678314E-643F-41FC-9BAD-A1F1B33B6108}"
EndProject
Project("{9A19103F-16F7-4668-BE54-9A1E7A4F7556}") = "Infrastructure.Domain.Data", "Infrastructure.Domain.Data\Infrastructure.Domain.Data.csproj", "{BC3727F6-4C78-4FF2-9751-B27B5655A5BD}"
EndProject
Project("{2150E333-8FDC-42A3-9474-1A3956D46DE8}") = "04 - Hosts", "04 - Hosts", "{485ABE6C-4C03-4100-A44F-A84D1C3451E5}"
EndProject
Project("{2150E333-8FDC-42A3-9474-1A3956D46DE8}") = "Api", "Api", "{95448018-7CF2-4D9A-85E0-8DEF6A4F052D}"
EndProject
Project("{9A19103F-16F7-4668-BE54-9A1E7A4F7556}") = "Host.Api", "Host.Api\Host.Api.csproj", "{9ED27F95-143A-4895-AD96-BF67D6E26C5F}"
EndProject
Project("{2150E333-8FDC-42A3-9474-1A3956D46DE8}") = "Worker", "Worker", "{498F5038-8132-4635-8997-21309A06CA72}"
EndProject
Project("{9A19103F-16F7-4668-BE54-9A1E7A4F7556}") = "Host.Worker", "Host.Worker\Host.Worker.csproj", "{3304FC67-EC6C-4AF4-86D0-4F5A47FE9880}"
EndProject
Project("{9A19103F-16F7-4668-BE54-9A1E7A4F7556}") = "Infrastructure.Domain", "Infrastructure.Domain\Infrastructure.Domain.csproj", "{AE462127-9E18-465D-9AA2-843556D0DF55}"
EndProject
Project("{9A19103F-16F7-4668-BE54-9A1E7A4F7556}") = "Infrastructure.Logging", "Infrastructure.Logging\Infrastructure.Logging.csproj", "{FFF78AC9-168E-4E75-BEE6-74EC5A2761E5}"
EndProject
Project("{9A19103F-16F7-4668-BE54-9A1E7A4F7556}") = "Infrastructure.IoC.AutoFac", "Infrastructure.IoC.AutoFac\Infrastructure.IoC.AutoFac.csproj", "{69563953-5396-4151-9283-7E1DA951C4BF}"
EndProject
Project("{9A19103F-16F7-4668-BE54-9A1E7A4F7556}") = "Infrastructure.ErrorHandling", "Infrastructure.ErrorHandling\Infrastructure.ErrorHandling.csproj", "{D1549F6F-FBDA-4CDF-A598-25A1455B9133}"
EndProject
Project("{9A19103F-16F7-4668-BE54-9A1E7A4F7556}") = "Application.Policies", "Application.Policies\Application.Policies.csproj", "{091242F7-7EAA-4048-931D-46E28020F6E9}"
EndProject
Project("{9A19103F-16F7-4668-BE54-9A1E7A4F7556}") = "Application", "Application\Application.csproj", "{03B9F86B-69F4-42C3-9FFD-3DEECA975C5D}"
EndProject
Project("{2150E333-8FDC-42A3-9474-1A3956D46DE8}") = "05 - Tests", "05 - Tests", "{CA94FC81-0976-48B6-B921-C5D94F52195C}"
EndProject
Project("{9A19103F-16F7-4668-BE54-9A1E7A4F7556}") = "Tests.Unit", "Tests.Unit\Tests.Unit.csproj", "{43535047-E348-4A7A-9B91-909B03E5C3D3}"
EndProject
Project("{9A19103F-16F7-4668-BE54-9A1E7A4F7556}") = "Tests.Integration", "Tests.Integration\Tests.Integration.csproj", "{480A461F-E8AA-4F96-8B6A-391F18BA7A9D}"
EndProject
Project("{9A19103F-16F7-4668-BE54-9A1E7A4F7556}") = "Tests.End2End", "Tests.End2End\Tests.End2End.csproj", "{C12D26F9-AFC1-4219-A0AD-2F0AFD643FC3}"
EndProject
Project("{9A19103F-16F7-4668-BE54-9A1E7A4F7556}") = "Application.Domain.Events.Handlers", "Application.Domain.Events.Handlers\Application.Domain.Events.Handlers.csproj", "{C57C9585-6CE3-4C87-BCA4-CE3DC9455B15}"
EndProject
Project("{9A19103F-16F7-4668-BE54-9A1E7A4F7556}") = "Domain.Validators", "Domain.Validators\Domain.Validators.csproj", "{62A42753-0344-45D6-9B03-E090E77F50E8}"
EndProject
Project("{FAE04EC0-301F-11D3-BF4B-00C04F79EFBC}") = "Host.Api.Requests.Commands", "Host.Api.Requests.Commands\Host.Api.Requests.Commands.csproj", "{D462A2D0-AE95-45A7-91B3-FE7022256035}"
EndProject
Global
	GlobalSection(SolutionConfigurationPlatforms) = preSolution
		Debug|Any CPU = Debug|Any CPU
		Release|Any CPU = Release|Any CPU
	EndGlobalSection
	GlobalSection(ProjectConfigurationPlatforms) = postSolution
		{F1C73F6B-1466-424D-8D6B-994837E856A0}.Debug|Any CPU.ActiveCfg = Debug|Any CPU
		{F1C73F6B-1466-424D-8D6B-994837E856A0}.Debug|Any CPU.Build.0 = Debug|Any CPU
		{F1C73F6B-1466-424D-8D6B-994837E856A0}.Release|Any CPU.ActiveCfg = Release|Any CPU
		{F1C73F6B-1466-424D-8D6B-994837E856A0}.Release|Any CPU.Build.0 = Release|Any CPU
		{C56E0F03-1023-4DF3-A1C1-86BE55B95685}.Debug|Any CPU.ActiveCfg = Debug|Any CPU
		{C56E0F03-1023-4DF3-A1C1-86BE55B95685}.Debug|Any CPU.Build.0 = Debug|Any CPU
		{C56E0F03-1023-4DF3-A1C1-86BE55B95685}.Release|Any CPU.ActiveCfg = Release|Any CPU
		{C56E0F03-1023-4DF3-A1C1-86BE55B95685}.Release|Any CPU.Build.0 = Release|Any CPU
		{7B1873EF-7A2D-4E6B-9940-031D301E37BA}.Debug|Any CPU.ActiveCfg = Debug|Any CPU
		{7B1873EF-7A2D-4E6B-9940-031D301E37BA}.Debug|Any CPU.Build.0 = Debug|Any CPU
		{7B1873EF-7A2D-4E6B-9940-031D301E37BA}.Release|Any CPU.ActiveCfg = Release|Any CPU
		{7B1873EF-7A2D-4E6B-9940-031D301E37BA}.Release|Any CPU.Build.0 = Release|Any CPU
		{D11132A3-A527-4C7D-98BE-74097500CF6D}.Debug|Any CPU.ActiveCfg = Debug|Any CPU
		{D11132A3-A527-4C7D-98BE-74097500CF6D}.Debug|Any CPU.Build.0 = Debug|Any CPU
		{D11132A3-A527-4C7D-98BE-74097500CF6D}.Release|Any CPU.ActiveCfg = Release|Any CPU
		{D11132A3-A527-4C7D-98BE-74097500CF6D}.Release|Any CPU.Build.0 = Release|Any CPU
		{FB44747F-89CD-47BD-912B-E5E8C9D6936E}.Debug|Any CPU.ActiveCfg = Debug|Any CPU
		{FB44747F-89CD-47BD-912B-E5E8C9D6936E}.Debug|Any CPU.Build.0 = Debug|Any CPU
		{FB44747F-89CD-47BD-912B-E5E8C9D6936E}.Release|Any CPU.ActiveCfg = Release|Any CPU
		{FB44747F-89CD-47BD-912B-E5E8C9D6936E}.Release|Any CPU.Build.0 = Release|Any CPU
		{251B5A7E-3F86-4AD5-A52B-A6AE6AC8BE20}.Debug|Any CPU.ActiveCfg = Debug|Any CPU
		{251B5A7E-3F86-4AD5-A52B-A6AE6AC8BE20}.Debug|Any CPU.Build.0 = Debug|Any CPU
		{251B5A7E-3F86-4AD5-A52B-A6AE6AC8BE20}.Release|Any CPU.ActiveCfg = Release|Any CPU
		{251B5A7E-3F86-4AD5-A52B-A6AE6AC8BE20}.Release|Any CPU.Build.0 = Release|Any CPU
		{BC3727F6-4C78-4FF2-9751-B27B5655A5BD}.Debug|Any CPU.ActiveCfg = Debug|Any CPU
		{BC3727F6-4C78-4FF2-9751-B27B5655A5BD}.Debug|Any CPU.Build.0 = Debug|Any CPU
		{BC3727F6-4C78-4FF2-9751-B27B5655A5BD}.Release|Any CPU.ActiveCfg = Release|Any CPU
		{BC3727F6-4C78-4FF2-9751-B27B5655A5BD}.Release|Any CPU.Build.0 = Release|Any CPU
		{9ED27F95-143A-4895-AD96-BF67D6E26C5F}.Debug|Any CPU.ActiveCfg = Debug|Any CPU
		{9ED27F95-143A-4895-AD96-BF67D6E26C5F}.Debug|Any CPU.Build.0 = Debug|Any CPU
		{9ED27F95-143A-4895-AD96-BF67D6E26C5F}.Release|Any CPU.ActiveCfg = Release|Any CPU
		{9ED27F95-143A-4895-AD96-BF67D6E26C5F}.Release|Any CPU.Build.0 = Release|Any CPU
		{3304FC67-EC6C-4AF4-86D0-4F5A47FE9880}.Debug|Any CPU.ActiveCfg = Debug|Any CPU
		{3304FC67-EC6C-4AF4-86D0-4F5A47FE9880}.Debug|Any CPU.Build.0 = Debug|Any CPU
		{3304FC67-EC6C-4AF4-86D0-4F5A47FE9880}.Release|Any CPU.ActiveCfg = Release|Any CPU
		{3304FC67-EC6C-4AF4-86D0-4F5A47FE9880}.Release|Any CPU.Build.0 = Release|Any CPU
		{AE462127-9E18-465D-9AA2-843556D0DF55}.Debug|Any CPU.ActiveCfg = Debug|Any CPU
		{AE462127-9E18-465D-9AA2-843556D0DF55}.Debug|Any CPU.Build.0 = Debug|Any CPU
		{AE462127-9E18-465D-9AA2-843556D0DF55}.Release|Any CPU.ActiveCfg = Release|Any CPU
		{AE462127-9E18-465D-9AA2-843556D0DF55}.Release|Any CPU.Build.0 = Release|Any CPU
		{FFF78AC9-168E-4E75-BEE6-74EC5A2761E5}.Debug|Any CPU.ActiveCfg = Debug|Any CPU
		{FFF78AC9-168E-4E75-BEE6-74EC5A2761E5}.Debug|Any CPU.Build.0 = Debug|Any CPU
		{FFF78AC9-168E-4E75-BEE6-74EC5A2761E5}.Release|Any CPU.ActiveCfg = Release|Any CPU
		{FFF78AC9-168E-4E75-BEE6-74EC5A2761E5}.Release|Any CPU.Build.0 = Release|Any CPU
		{69563953-5396-4151-9283-7E1DA951C4BF}.Debug|Any CPU.ActiveCfg = Debug|Any CPU
		{69563953-5396-4151-9283-7E1DA951C4BF}.Debug|Any CPU.Build.0 = Debug|Any CPU
		{69563953-5396-4151-9283-7E1DA951C4BF}.Release|Any CPU.ActiveCfg = Release|Any CPU
		{69563953-5396-4151-9283-7E1DA951C4BF}.Release|Any CPU.Build.0 = Release|Any CPU
		{D1549F6F-FBDA-4CDF-A598-25A1455B9133}.Debug|Any CPU.ActiveCfg = Debug|Any CPU
		{D1549F6F-FBDA-4CDF-A598-25A1455B9133}.Debug|Any CPU.Build.0 = Debug|Any CPU
		{D1549F6F-FBDA-4CDF-A598-25A1455B9133}.Release|Any CPU.ActiveCfg = Release|Any CPU
		{D1549F6F-FBDA-4CDF-A598-25A1455B9133}.Release|Any CPU.Build.0 = Release|Any CPU
		{091242F7-7EAA-4048-931D-46E28020F6E9}.Debug|Any CPU.ActiveCfg = Debug|Any CPU
		{091242F7-7EAA-4048-931D-46E28020F6E9}.Debug|Any CPU.Build.0 = Debug|Any CPU
		{091242F7-7EAA-4048-931D-46E28020F6E9}.Release|Any CPU.ActiveCfg = Release|Any CPU
		{091242F7-7EAA-4048-931D-46E28020F6E9}.Release|Any CPU.Build.0 = Release|Any CPU
		{03B9F86B-69F4-42C3-9FFD-3DEECA975C5D}.Debug|Any CPU.ActiveCfg = Debug|Any CPU
		{03B9F86B-69F4-42C3-9FFD-3DEECA975C5D}.Debug|Any CPU.Build.0 = Debug|Any CPU
		{03B9F86B-69F4-42C3-9FFD-3DEECA975C5D}.Release|Any CPU.ActiveCfg = Release|Any CPU
		{03B9F86B-69F4-42C3-9FFD-3DEECA975C5D}.Release|Any CPU.Build.0 = Release|Any CPU
		{43535047-E348-4A7A-9B91-909B03E5C3D3}.Debug|Any CPU.ActiveCfg = Debug|Any CPU
		{43535047-E348-4A7A-9B91-909B03E5C3D3}.Debug|Any CPU.Build.0 = Debug|Any CPU
		{43535047-E348-4A7A-9B91-909B03E5C3D3}.Release|Any CPU.ActiveCfg = Release|Any CPU
		{43535047-E348-4A7A-9B91-909B03E5C3D3}.Release|Any CPU.Build.0 = Release|Any CPU
		{480A461F-E8AA-4F96-8B6A-391F18BA7A9D}.Debug|Any CPU.ActiveCfg = Debug|Any CPU
		{480A461F-E8AA-4F96-8B6A-391F18BA7A9D}.Debug|Any CPU.Build.0 = Debug|Any CPU
		{480A461F-E8AA-4F96-8B6A-391F18BA7A9D}.Release|Any CPU.ActiveCfg = Release|Any CPU
		{480A461F-E8AA-4F96-8B6A-391F18BA7A9D}.Release|Any CPU.Build.0 = Release|Any CPU
		{C12D26F9-AFC1-4219-A0AD-2F0AFD643FC3}.Debug|Any CPU.ActiveCfg = Debug|Any CPU
		{C12D26F9-AFC1-4219-A0AD-2F0AFD643FC3}.Debug|Any CPU.Build.0 = Debug|Any CPU
		{C12D26F9-AFC1-4219-A0AD-2F0AFD643FC3}.Release|Any CPU.ActiveCfg = Release|Any CPU
		{C12D26F9-AFC1-4219-A0AD-2F0AFD643FC3}.Release|Any CPU.Build.0 = Release|Any CPU
		{C57C9585-6CE3-4C87-BCA4-CE3DC9455B15}.Debug|Any CPU.ActiveCfg = Debug|Any CPU
		{C57C9585-6CE3-4C87-BCA4-CE3DC9455B15}.Debug|Any CPU.Build.0 = Debug|Any CPU
		{C57C9585-6CE3-4C87-BCA4-CE3DC9455B15}.Release|Any CPU.ActiveCfg = Release|Any CPU
		{C57C9585-6CE3-4C87-BCA4-CE3DC9455B15}.Release|Any CPU.Build.0 = Release|Any CPU
		{62A42753-0344-45D6-9B03-E090E77F50E8}.Debug|Any CPU.ActiveCfg = Debug|Any CPU
		{62A42753-0344-45D6-9B03-E090E77F50E8}.Debug|Any CPU.Build.0 = Debug|Any CPU
		{62A42753-0344-45D6-9B03-E090E77F50E8}.Release|Any CPU.ActiveCfg = Release|Any CPU
		{62A42753-0344-45D6-9B03-E090E77F50E8}.Release|Any CPU.Build.0 = Release|Any CPU
		{D462A2D0-AE95-45A7-91B3-FE7022256035}.Debug|Any CPU.ActiveCfg = Debug|Any CPU
		{D462A2D0-AE95-45A7-91B3-FE7022256035}.Debug|Any CPU.Build.0 = Debug|Any CPU
		{D462A2D0-AE95-45A7-91B3-FE7022256035}.Release|Any CPU.ActiveCfg = Release|Any CPU
		{D462A2D0-AE95-45A7-91B3-FE7022256035}.Release|Any CPU.Build.0 = Release|Any CPU
	EndGlobalSection
	GlobalSection(SolutionProperties) = preSolution
		HideSolutionNode = FALSE
	EndGlobalSection
	GlobalSection(NestedProjects) = preSolution
		{F1C73F6B-1466-424D-8D6B-994837E856A0} = {16F13D11-FB9B-4119-B9FB-4E4507F0B0F6}
		{C56E0F03-1023-4DF3-A1C1-86BE55B95685} = {16F13D11-FB9B-4119-B9FB-4E4507F0B0F6}
		{7B1873EF-7A2D-4E6B-9940-031D301E37BA} = {16F13D11-FB9B-4119-B9FB-4E4507F0B0F6}
		{D11132A3-A527-4C7D-98BE-74097500CF6D} = {16F13D11-FB9B-4119-B9FB-4E4507F0B0F6}
		{FB44747F-89CD-47BD-912B-E5E8C9D6936E} = {959CC857-35E3-482E-9E6A-9A2DB0487FFD}
		{251B5A7E-3F86-4AD5-A52B-A6AE6AC8BE20} = {959CC857-35E3-482E-9E6A-9A2DB0487FFD}
		{BC3727F6-4C78-4FF2-9751-B27B5655A5BD} = {7678314E-643F-41FC-9BAD-A1F1B33B6108}
		{95448018-7CF2-4D9A-85E0-8DEF6A4F052D} = {485ABE6C-4C03-4100-A44F-A84D1C3451E5}
		{9ED27F95-143A-4895-AD96-BF67D6E26C5F} = {95448018-7CF2-4D9A-85E0-8DEF6A4F052D}
		{498F5038-8132-4635-8997-21309A06CA72} = {485ABE6C-4C03-4100-A44F-A84D1C3451E5}
		{3304FC67-EC6C-4AF4-86D0-4F5A47FE9880} = {498F5038-8132-4635-8997-21309A06CA72}
		{AE462127-9E18-465D-9AA2-843556D0DF55} = {7678314E-643F-41FC-9BAD-A1F1B33B6108}
		{FFF78AC9-168E-4E75-BEE6-74EC5A2761E5} = {7678314E-643F-41FC-9BAD-A1F1B33B6108}
		{69563953-5396-4151-9283-7E1DA951C4BF} = {7678314E-643F-41FC-9BAD-A1F1B33B6108}
		{D1549F6F-FBDA-4CDF-A598-25A1455B9133} = {7678314E-643F-41FC-9BAD-A1F1B33B6108}
		{091242F7-7EAA-4048-931D-46E28020F6E9} = {959CC857-35E3-482E-9E6A-9A2DB0487FFD}
		{03B9F86B-69F4-42C3-9FFD-3DEECA975C5D} = {959CC857-35E3-482E-9E6A-9A2DB0487FFD}
		{43535047-E348-4A7A-9B91-909B03E5C3D3} = {CA94FC81-0976-48B6-B921-C5D94F52195C}
		{480A461F-E8AA-4F96-8B6A-391F18BA7A9D} = {CA94FC81-0976-48B6-B921-C5D94F52195C}
		{C12D26F9-AFC1-4219-A0AD-2F0AFD643FC3} = {CA94FC81-0976-48B6-B921-C5D94F52195C}
		{C57C9585-6CE3-4C87-BCA4-CE3DC9455B15} = {959CC857-35E3-482E-9E6A-9A2DB0487FFD}
		{62A42753-0344-45D6-9B03-E090E77F50E8} = {16F13D11-FB9B-4119-B9FB-4E4507F0B0F6}
		{D462A2D0-AE95-45A7-91B3-FE7022256035} = {95448018-7CF2-4D9A-85E0-8DEF6A4F052D}
	EndGlobalSection
	GlobalSection(ExtensibilityGlobals) = postSolution
		SolutionGuid = {153029ED-F908-49C6-B7CD-09109FE95554}
	EndGlobalSection
EndGlobal
